
Microsoft Visual Studio Solution File, Format Version 12.00
# Visual Studio Version 16
VisualStudioVersion = 16.0.29905.134
MinimumVisualStudioVersion = 10.0.40219.1
Project("{FAE04EC0-301F-11D3-BF4B-00C04F79EFBC}") = "MultiplierLibrary.UWP", "MultiplierLibrary.UWP\MultiplierLibrary.UWP.csproj", "{2FD53CA7-E21C-495C-97F3-0516287EB298}"
EndProject
Project("{FAE04EC0-301F-11D3-BF4B-00C04F79EFBC}") = "MultiplierLibrary.Android", "MultiplierLibrary.Android\MultiplierLibrary.Android.csproj", "{DAC9DBC4-B172-4F90-8A3B-E747663F290C}"
EndProject
Project("{FAE04EC0-301F-11D3-BF4B-00C04F79EFBC}") = "MultiplierLibrary.iOS", "MultiplierLibrary.iOS\MultiplierLibrary.iOS.csproj", "{22EC7C82-BDB9-49E7-9BD7-E305838BF840}"
EndProject
Project("{FAE04EC0-301F-11D3-BF4B-00C04F79EFBC}") = "MultiplierLibrary", "MultiplierLibrary\MultiplierLibrary.csproj", "{D4B54526-B103-4BCA-80E4-80CC6AE0485A}"
EndProject
Global
	GlobalSection(SolutionConfigurationPlatforms) = preSolution
		Debug|Any CPU = Debug|Any CPU
		Debug|ARM = Debug|ARM
		Debug|iPhone = Debug|iPhone
		Debug|iPhoneSimulator = Debug|iPhoneSimulator
		Debug|x64 = Debug|x64
		Debug|x86 = Debug|x86
		Release|Any CPU = Release|Any CPU
		Release|ARM = Release|ARM
		Release|iPhone = Release|iPhone
		Release|iPhoneSimulator = Release|iPhoneSimulator
		Release|x64 = Release|x64
		Release|x86 = Release|x86
	EndGlobalSection
	GlobalSection(ProjectConfigurationPlatforms) = postSolution
		{2FD53CA7-E21C-495C-97F3-0516287EB298}.Debug|Any CPU.ActiveCfg = Debug|x86
		{2FD53CA7-E21C-495C-97F3-0516287EB298}.Debug|Any CPU.Build.0 = Debug|x86
		{2FD53CA7-E21C-495C-97F3-0516287EB298}.Debug|Any CPU.Deploy.0 = Debug|x86
		{2FD53CA7-E21C-495C-97F3-0516287EB298}.Debug|ARM.ActiveCfg = Debug|ARM
		{2FD53CA7-E21C-495C-97F3-0516287EB298}.Debug|ARM.Build.0 = Debug|ARM
		{2FD53CA7-E21C-495C-97F3-0516287EB298}.Debug|ARM.Deploy.0 = Debug|ARM
		{2FD53CA7-E21C-495C-97F3-0516287EB298}.Debug|iPhone.ActiveCfg = Debug|x86
		{2FD53CA7-E21C-495C-97F3-0516287EB298}.Debug|iPhone.Build.0 = Debug|x86
		{2FD53CA7-E21C-495C-97F3-0516287EB298}.Debug|iPhone.Deploy.0 = Debug|x86
		{2FD53CA7-E21C-495C-97F3-0516287EB298}.Debug|iPhoneSimulator.ActiveCfg = Debug|x86
		{2FD53CA7-E21C-495C-97F3-0516287EB298}.Debug|iPhoneSimulator.Build.0 = Debug|x86
		{2FD53CA7-E21C-495C-97F3-0516287EB298}.Debug|iPhoneSimulator.Deploy.0 = Debug|x86
		{2FD53CA7-E21C-495C-97F3-0516287EB298}.Debug|x64.ActiveCfg = Debug|x64
		{2FD53CA7-E21C-495C-97F3-0516287EB298}.Debug|x64.Build.0 = Debug|x64
		{2FD53CA7-E21C-495C-97F3-0516287EB298}.Debug|x64.Deploy.0 = Debug|x64
		{2FD53CA7-E21C-495C-97F3-0516287EB298}.Debug|x86.ActiveCfg = Debug|x86
		{2FD53CA7-E21C-495C-97F3-0516287EB298}.Debug|x86.Build.0 = Debug|x86
		{2FD53CA7-E21C-495C-97F3-0516287EB298}.Debug|x86.Deploy.0 = Debug|x86
		{2FD53CA7-E21C-495C-97F3-0516287EB298}.Release|Any CPU.ActiveCfg = Release|x86
		{2FD53CA7-E21C-495C-97F3-0516287EB298}.Release|Any CPU.Build.0 = Release|x86
		{2FD53CA7-E21C-495C-97F3-0516287EB298}.Release|Any CPU.Deploy.0 = Release|x86
		{2FD53CA7-E21C-495C-97F3-0516287EB298}.Release|ARM.ActiveCfg = Release|ARM
		{2FD53CA7-E21C-495C-97F3-0516287EB298}.Release|ARM.Build.0 = Release|ARM
		{2FD53CA7-E21C-495C-97F3-0516287EB298}.Release|ARM.Deploy.0 = Release|ARM
		{2FD53CA7-E21C-495C-97F3-0516287EB298}.Release|iPhone.ActiveCfg = Release|x86
		{2FD53CA7-E21C-495C-97F3-0516287EB298}.Release|iPhone.Build.0 = Release|x86
		{2FD53CA7-E21C-495C-97F3-0516287EB298}.Release|iPhone.Deploy.0 = Release|x86
		{2FD53CA7-E21C-495C-97F3-0516287EB298}.Release|iPhoneSimulator.ActiveCfg = Release|x86
		{2FD53CA7-E21C-495C-97F3-0516287EB298}.Release|iPhoneSimulator.Build.0 = Release|x86
		{2FD53CA7-E21C-495C-97F3-0516287EB298}.Release|iPhoneSimulator.Deploy.0 = Release|x86
		{2FD53CA7-E21C-495C-97F3-0516287EB298}.Release|x64.ActiveCfg = Release|x64
		{2FD53CA7-E21C-495C-97F3-0516287EB298}.Release|x64.Build.0 = Release|x64
		{2FD53CA7-E21C-495C-97F3-0516287EB298}.Release|x64.Deploy.0 = Release|x64
		{2FD53CA7-E21C-495C-97F3-0516287EB298}.Release|x86.ActiveCfg = Release|x86
		{2FD53CA7-E21C-495C-97F3-0516287EB298}.Release|x86.Build.0 = Release|x86
		{2FD53CA7-E21C-495C-97F3-0516287EB298}.Release|x86.Deploy.0 = Release|x86
		{DAC9DBC4-B172-4F90-8A3B-E747663F290C}.Debug|Any CPU.ActiveCfg = Debug|Any CPU
		{DAC9DBC4-B172-4F90-8A3B-E747663F290C}.Debug|Any CPU.Build.0 = Debug|Any CPU
		{DAC9DBC4-B172-4F90-8A3B-E747663F290C}.Debug|Any CPU.Deploy.0 = Debug|Any CPU
		{DAC9DBC4-B172-4F90-8A3B-E747663F290C}.Debug|ARM.ActiveCfg = Debug|Any CPU
		{DAC9DBC4-B172-4F90-8A3B-E747663F290C}.Debug|ARM.Build.0 = Debug|Any CPU
		{DAC9DBC4-B172-4F90-8A3B-E747663F290C}.Debug|ARM.Deploy.0 = Debug|Any CPU
		{DAC9DBC4-B172-4F90-8A3B-E747663F290C}.Debug|iPhone.ActiveCfg = Debug|Any CPU
		{DAC9DBC4-B172-4F90-8A3B-E747663F290C}.Debug|iPhone.Build.0 = Debug|Any CPU
		{DAC9DBC4-B172-4F90-8A3B-E747663F290C}.Debug|iPhone.Deploy.0 = Debug|Any CPU
		{DAC9DBC4-B172-4F90-8A3B-E747663F290C}.Debug|iPhoneSimulator.ActiveCfg = Debug|Any CPU
		{DAC9DBC4-B172-4F90-8A3B-E747663F290C}.Debug|iPhoneSimulator.Build.0 = Debug|Any CPU
		{DAC9DBC4-B172-4F90-8A3B-E747663F290C}.Debug|iPhoneSimulator.Deploy.0 = Debug|Any CPU
		{DAC9DBC4-B172-4F90-8A3B-E747663F290C}.Debug|x64.ActiveCfg = Debug|Any CPU
		{DAC9DBC4-B172-4F90-8A3B-E747663F290C}.Debug|x64.Build.0 = Debug|Any CPU
		{DAC9DBC4-B172-4F90-8A3B-E747663F290C}.Debug|x64.Deploy.0 = Debug|Any CPU
		{DAC9DBC4-B172-4F90-8A3B-E747663F290C}.Debug|x86.ActiveCfg = Debug|Any CPU
		{DAC9DBC4-B172-4F90-8A3B-E747663F290C}.Debug|x86.Build.0 = Debug|Any CPU
		{DAC9DBC4-B172-4F90-8A3B-E747663F290C}.Debug|x86.Deploy.0 = Debug|Any CPU
		{DAC9DBC4-B172-4F90-8A3B-E747663F290C}.Release|Any CPU.ActiveCfg = Release|Any CPU
		{DAC9DBC4-B172-4F90-8A3B-E747663F290C}.Release|Any CPU.Build.0 = Release|Any CPU
		{DAC9DBC4-B172-4F90-8A3B-E747663F290C}.Release|Any CPU.Deploy.0 = Release|Any CPU
		{DAC9DBC4-B172-4F90-8A3B-E747663F290C}.Release|ARM.ActiveCfg = Release|Any CPU
		{DAC9DBC4-B172-4F90-8A3B-E747663F290C}.Release|ARM.Build.0 = Release|Any CPU
		{DAC9DBC4-B172-4F90-8A3B-E747663F290C}.Release|ARM.Deploy.0 = Release|Any CPU
		{DAC9DBC4-B172-4F90-8A3B-E747663F290C}.Release|iPhone.ActiveCfg = Release|Any CPU
		{DAC9DBC4-B172-4F90-8A3B-E747663F290C}.Release|iPhone.Build.0 = Release|Any CPU
		{DAC9DBC4-B172-4F90-8A3B-E747663F290C}.Release|iPhone.Deploy.0 = Release|Any CPU
		{DAC9DBC4-B172-4F90-8A3B-E747663F290C}.Release|iPhoneSimulator.ActiveCfg = Release|Any CPU
		{DAC9DBC4-B172-4F90-8A3B-E747663F290C}.Release|iPhoneSimulator.Build.0 = Release|Any CPU
		{DAC9DBC4-B172-4F90-8A3B-E747663F290C}.Release|iPhoneSimulator.Deploy.0 = Release|Any CPU
		{DAC9DBC4-B172-4F90-8A3B-E747663F290C}.Release|x64.ActiveCfg = Release|Any CPU
		{DAC9DBC4-B172-4F90-8A3B-E747663F290C}.Release|x64.Build.0 = Release|Any CPU
		{DAC9DBC4-B172-4F90-8A3B-E747663F290C}.Release|x64.Deploy.0 = Release|Any CPU
		{DAC9DBC4-B172-4F90-8A3B-E747663F290C}.Release|x86.ActiveCfg = Release|Any CPU
		{DAC9DBC4-B172-4F90-8A3B-E747663F290C}.Release|x86.Build.0 = Release|Any CPU
		{DAC9DBC4-B172-4F90-8A3B-E747663F290C}.Release|x86.Deploy.0 = Release|Any CPU
		{22EC7C82-BDB9-49E7-9BD7-E305838BF840}.Debug|Any CPU.ActiveCfg = Debug|iPhone
		{22EC7C82-BDB9-49E7-9BD7-E305838BF840}.Debug|Any CPU.Build.0 = Debug|iPhone
		{22EC7C82-BDB9-49E7-9BD7-E305838BF840}.Debug|Any CPU.Deploy.0 = Debug|iPhone
		{22EC7C82-BDB9-49E7-9BD7-E305838BF840}.Debug|ARM.ActiveCfg = Debug|iPhoneSimulator
		{22EC7C82-BDB9-49E7-9BD7-E305838BF840}.Debug|ARM.Build.0 = Debug|iPhoneSimulator
		{22EC7C82-BDB9-49E7-9BD7-E305838BF840}.Debug|ARM.Deploy.0 = Debug|iPhoneSimulator
		{22EC7C82-BDB9-49E7-9BD7-E305838BF840}.Debug|iPhone.ActiveCfg = Debug|iPhone
		{22EC7C82-BDB9-49E7-9BD7-E305838BF840}.Debug|iPhone.Build.0 = Debug|iPhone
		{22EC7C82-BDB9-49E7-9BD7-E305838BF840}.Debug|iPhone.Deploy.0 = Debug|iPhone
		{22EC7C82-BDB9-49E7-9BD7-E305838BF840}.Debug|iPhoneSimulator.ActiveCfg = Debug|iPhoneSimulator
		{22EC7C82-BDB9-49E7-9BD7-E305838BF840}.Debug|iPhoneSimulator.Build.0 = Debug|iPhoneSimulator
		{22EC7C82-BDB9-49E7-9BD7-E305838BF840}.Debug|iPhoneSimulator.Deploy.0 = Debug|iPhoneSimulator
		{22EC7C82-BDB9-49E7-9BD7-E305838BF840}.Debug|x64.ActiveCfg = Debug|iPhone
		{22EC7C82-BDB9-49E7-9BD7-E305838BF840}.Debug|x64.Build.0 = Debug|iPhone
		{22EC7C82-BDB9-49E7-9BD7-E305838BF840}.Debug|x64.Deploy.0 = Debug|iPhone
		{22EC7C82-BDB9-49E7-9BD7-E305838BF840}.Debug|x86.ActiveCfg = Debug|iPhone
		{22EC7C82-BDB9-49E7-9BD7-E305838BF840}.Debug|x86.Build.0 = Debug|iPhone
		{22EC7C82-BDB9-49E7-9BD7-E305838BF840}.Debug|x86.Deploy.0 = Debug|iPhone
		{22EC7C82-BDB9-49E7-9BD7-E305838BF840}.Release|Any CPU.ActiveCfg = Release|iPhone
		{22EC7C82-BDB9-49E7-9BD7-E305838BF840}.Release|Any CPU.Build.0 = Release|iPhone
		{22EC7C82-BDB9-49E7-9BD7-E305838BF840}.Release|Any CPU.Deploy.0 = Release|iPhone
		{22EC7C82-BDB9-49E7-9BD7-E305838BF840}.Release|ARM.ActiveCfg = Release|iPhone
		{22EC7C82-BDB9-49E7-9BD7-E305838BF840}.Release|ARM.Build.0 = Release|iPhone
		{22EC7C82-BDB9-49E7-9BD7-E305838BF840}.Release|ARM.Deploy.0 = Release|iPhone
		{22EC7C82-BDB9-49E7-9BD7-E305838BF840}.Release|iPhone.ActiveCfg = Release|iPhone
		{22EC7C82-BDB9-49E7-9BD7-E305838BF840}.Release|iPhone.Build.0 = Release|iPhone
		{22EC7C82-BDB9-49E7-9BD7-E305838BF840}.Release|iPhone.Deploy.0 = Release|iPhone
		{22EC7C82-BDB9-49E7-9BD7-E305838BF840}.Release|iPhoneSimulator.ActiveCfg = Release|iPhoneSimulator
		{22EC7C82-BDB9-49E7-9BD7-E305838BF840}.Release|iPhoneSimulator.Build.0 = Release|iPhoneSimulator
		{22EC7C82-BDB9-49E7-9BD7-E305838BF840}.Release|iPhoneSimulator.Deploy.0 = Release|iPhoneSimulator
		{22EC7C82-BDB9-49E7-9BD7-E305838BF840}.Release|x64.ActiveCfg = Release|iPhone
		{22EC7C82-BDB9-49E7-9BD7-E305838BF840}.Release|x64.Build.0 = Release|iPhone
		{22EC7C82-BDB9-49E7-9BD7-E305838BF840}.Release|x64.Deploy.0 = Release|iPhone
		{22EC7C82-BDB9-49E7-9BD7-E305838BF840}.Release|x86.ActiveCfg = Release|iPhone
		{22EC7C82-BDB9-49E7-9BD7-E305838BF840}.Release|x86.Build.0 = Release|iPhone
		{22EC7C82-BDB9-49E7-9BD7-E305838BF840}.Release|x86.Deploy.0 = Release|iPhone
		{D4B54526-B103-4BCA-80E4-80CC6AE0485A}.Debug|Any CPU.ActiveCfg = Debug|Any CPU
		{D4B54526-B103-4BCA-80E4-80CC6AE0485A}.Debug|Any CPU.Build.0 = Debug|Any CPU
		{D4B54526-B103-4BCA-80E4-80CC6AE0485A}.Debug|Any CPU.Deploy.0 = Debug|Any CPU
		{D4B54526-B103-4BCA-80E4-80CC6AE0485A}.Debug|ARM.ActiveCfg = Debug|Any CPU
		{D4B54526-B103-4BCA-80E4-80CC6AE0485A}.Debug|ARM.Build.0 = Debug|Any CPU
		{D4B54526-B103-4BCA-80E4-80CC6AE0485A}.Debug|ARM.Deploy.0 = Debug|Any CPU
		{D4B54526-B103-4BCA-80E4-80CC6AE0485A}.Debug|iPhone.ActiveCfg = Debug|Any CPU
		{D4B54526-B103-4BCA-80E4-80CC6AE0485A}.Debug|iPhone.Build.0 = Debug|Any CPU
		{D4B54526-B103-4BCA-80E4-80CC6AE0485A}.Debug|iPhone.Deploy.0 = Debug|Any CPU
		{D4B54526-B103-4BCA-80E4-80CC6AE0485A}.Debug|iPhoneSimulator.ActiveCfg = Debug|Any CPU
		{D4B54526-B103-4BCA-80E4-80CC6AE0485A}.Debug|iPhoneSimulator.Build.0 = Debug|Any CPU
		{D4B54526-B103-4BCA-80E4-80CC6AE0485A}.Debug|iPhoneSimulator.Deploy.0 = Debug|Any CPU
		{D4B54526-B103-4BCA-80E4-80CC6AE0485A}.Debug|x64.ActiveCfg = Debug|Any CPU
		{D4B54526-B103-4BCA-80E4-80CC6AE0485A}.Debug|x64.Build.0 = Debug|Any CPU
		{D4B54526-B103-4BCA-80E4-80CC6AE0485A}.Debug|x64.Deploy.0 = Debug|Any CPU
		{D4B54526-B103-4BCA-80E4-80CC6AE0485A}.Debug|x86.ActiveCfg = Debug|Any CPU
		{D4B54526-B103-4BCA-80E4-80CC6AE0485A}.Debug|x86.Build.0 = Debug|Any CPU
		{D4B54526-B103-4BCA-80E4-80CC6AE0485A}.Debug|x86.Deploy.0 = Debug|Any CPU
		{D4B54526-B103-4BCA-80E4-80CC6AE0485A}.Release|Any CPU.ActiveCfg = Release|Any CPU
		{D4B54526-B103-4BCA-80E4-80CC6AE0485A}.Release|Any CPU.Build.0 = Release|Any CPU
		{D4B54526-B103-4BCA-80E4-80CC6AE0485A}.Release|Any CPU.Deploy.0 = Release|Any CPU
		{D4B54526-B103-4BCA-80E4-80CC6AE0485A}.Release|ARM.ActiveCfg = Release|Any CPU
		{D4B54526-B103-4BCA-80E4-80CC6AE0485A}.Release|ARM.Build.0 = Release|Any CPU
		{D4B54526-B103-4BCA-80E4-80CC6AE0485A}.Release|ARM.Deploy.0 = Release|Any CPU
		{D4B54526-B103-4BCA-80E4-80CC6AE0485A}.Release|iPhone.ActiveCfg = Release|Any CPU
		{D4B54526-B103-4BCA-80E4-80CC6AE0485A}.Release|iPhone.Build.0 = Release|Any CPU
		{D4B54526-B103-4BCA-80E4-80CC6AE0485A}.Release|iPhone.Deploy.0 = Release|Any CPU
		{D4B54526-B103-4BCA-80E4-80CC6AE0485A}.Release|iPhoneSimulator.ActiveCfg = Release|Any CPU
		{D4B54526-B103-4BCA-80E4-80CC6AE0485A}.Release|iPhoneSimulator.Build.0 = Release|Any CPU
		{D4B54526-B103-4BCA-80E4-80CC6AE0485A}.Release|iPhoneSimulator.Deploy.0 = Release|Any CPU
		{D4B54526-B103-4BCA-80E4-80CC6AE0485A}.Release|x64.ActiveCfg = Release|Any CPU
		{D4B54526-B103-4BCA-80E4-80CC6AE0485A}.Release|x64.Build.0 = Release|Any CPU
		{D4B54526-B103-4BCA-80E4-80CC6AE0485A}.Release|x64.Deploy.0 = Release|Any CPU
		{D4B54526-B103-4BCA-80E4-80CC6AE0485A}.Release|x86.ActiveCfg = Release|Any CPU
		{D4B54526-B103-4BCA-80E4-80CC6AE0485A}.Release|x86.Build.0 = Release|Any CPU
		{D4B54526-B103-4BCA-80E4-80CC6AE0485A}.Release|x86.Deploy.0 = Release|Any CPU
	EndGlobalSection
	GlobalSection(SolutionProperties) = preSolution
		HideSolutionNode = FALSE
	EndGlobalSection
	GlobalSection(ExtensibilityGlobals) = postSolution
		SolutionGuid = {1727B4D5-FE71-4A49-BB94-A32B3889E763}
	EndGlobalSection
EndGlobal
